
Microsoft Visual Studio Solution File, Format Version 12.00
# Visual Studio 15
VisualStudioVersion = 15.0.28307.1022
MinimumVisualStudioVersion = 10.0.40219.1
Project("{FAE04EC0-301F-11D3-BF4B-00C04F79EFBC}") = "Plagiarism_Checker", "Plagiarism_Checker\Plagiarism_Checker.csproj", "{44943C9C-B4C0-4FF5-9AFD-98906E3502EF}"
EndProject
Global
	GlobalSection(SolutionConfigurationPlatforms) = preSolution
		Debug|Any CPU = Debug|Any CPU
		Release|Any CPU = Release|Any CPU
	EndGlobalSection
	GlobalSection(ProjectConfigurationPlatforms) = postSolution
		{44943C9C-B4C0-4FF5-9AFD-98906E3502EF}.Debug|Any CPU.ActiveCfg = Debug|Any CPU
		{44943C9C-B4C0-4FF5-9AFD-98906E3502EF}.Debug|Any CPU.Build.0 = Debug|Any CPU
		{44943C9C-B4C0-4FF5-9AFD-98906E3502EF}.Release|Any CPU.ActiveCfg = Release|Any CPU
		{44943C9C-B4C0-4FF5-9AFD-98906E3502EF}.Release|Any CPU.Build.0 = Release|Any CPU
	EndGlobalSection
	GlobalSection(SolutionProperties) = preSolution
		HideSolutionNode = FALSE
	EndGlobalSection
	GlobalSection(ExtensibilityGlobals) = postSolution
		SolutionGuid = {A43D2EE0-D457-43EB-A29E-51D01840A3B5}
	EndGlobalSection
EndGlobal
